
Microsoft Visual Studio Solution File, Format Version 12.00
# Visual Studio Version 16
VisualStudioVersion = 16.0.33328.57
MinimumVisualStudioVersion = 10.0.40219.1
Project("{2150E333-8FDC-42A3-9474-1A3956D46DE8}") = "ColaModels", "ColaModels", "{92689131-FA4B-4E7A-A63E-FA736F37DFA6}"
EndProject
Project("{2150E333-8FDC-42A3-9474-1A3956D46DE8}") = "Cola", "Cola", "{48FEA14C-BDC3-435E-884C-B85340D2271A}"
EndProject
Project("{2150E333-8FDC-42A3-9474-1A3956D46DE8}") = "Test", "Test", "{FD07448C-42DD-4CD8-AB67-989AAC72ABBB}"
EndProject
Project("{9A19103F-16F7-4668-BE54-9A1E7A4F7556}") = "Cola.CaSnowFlake", "Cola.CaSnowFlake\Cola.CaSnowFlake.csproj", "{C5C024DE-474C-44F8-AB0B-700621FF0561}"
EndProject
Project("{9A19103F-16F7-4668-BE54-9A1E7A4F7556}") = "ConsoleApp1Test", "ConsoleApp1Test\ConsoleApp1Test.csproj", "{502AC1E2-3159-42D4-9DF8-C43B508ED417}"
EndProject
Project("{9A19103F-16F7-4668-BE54-9A1E7A4F7556}") = "Cola.CaUtils", "Cola.CaUtils\Cola.CaUtils.csproj", "{448ECF08-9E4B-4FAF-863A-7E8C83657079}"
EndProject
Project("{9A19103F-16F7-4668-BE54-9A1E7A4F7556}") = "WebApplication1Test", "WebApplication1Test\WebApplication1Test.csproj", "{A78C465B-3CAE-4CD1-9CAB-1CF26A617E9F}"
EndProject
Project("{9A19103F-16F7-4668-BE54-9A1E7A4F7556}") = "Cola.Models.Core", "Cola.Models.Core\Cola.Models.Core.csproj", "{72A754B5-5775-4498-B296-B142A8229BDF}"
EndProject
Project("{9A19103F-16F7-4668-BE54-9A1E7A4F7556}") = "Cola.CaEF", "Cola.CaEF\Cola.CaEF.csproj", "{2B8ACCBC-AA7C-432E-AF63-3C43A685E20C}"
EndProject
Project("{9A19103F-16F7-4668-BE54-9A1E7A4F7556}") = "Cola.CaLog", "Cola.CaLog\Cola.CaLog.csproj", "{8E078EC9-76A1-4EAA-8715-49C75AF8B4AC}"
EndProject
Project("{9A19103F-16F7-4668-BE54-9A1E7A4F7556}") = "Cola.CaPlugs", "Cola.CaPlugs\Cola.CaPlugs.csproj", "{0B3A2BD4-588A-46C2-ACB8-8E4BE8C70A5F}"
EndProject
Project("{9A19103F-16F7-4668-BE54-9A1E7A4F7556}") = "Cola.CaWebApi", "Cola.CaWebApi\Cola.CaWebApi.csproj", "{31D7E30B-861D-4B6D-B81C-8DF26F07B7FB}"
EndProject
Project("{9A19103F-16F7-4668-BE54-9A1E7A4F7556}") = "Cola.CaException", "Cola.CaException\Cola.CaException.csproj", "{F8197F4F-22A2-4C12-AF0E-4FDAA5FBB1C4}"
EndProject
Project("{9A19103F-16F7-4668-BE54-9A1E7A4F7556}") = "Cola.CaConsole", "Cola.CaConsole\Cola.CaConsole.csproj", "{68F08407-6688-4BCD-AE2D-3BADBB2D6EA3}"
EndProject
Project("{9A19103F-16F7-4668-BE54-9A1E7A4F7556}") = "Cola.CaCache", "Cola.CaCache\Cola.CaCache.csproj", "{841F4DBC-19CD-47D3-B84D-18E705FCC30A}"
EndProject
Project("{FAE04EC0-301F-11D3-BF4B-00C04F79EFBC}") = "Cola.CaGrpc", "Cola.CaGrpc\Cola.CaGrpc.csproj", "{DFE36CBF-CA45-4DD8-86D6-D743EB6F27D1}"
EndProject
Project("{FAE04EC0-301F-11D3-BF4B-00C04F79EFBC}") = "Cola.CaJwt", "Cola.CaJwt\Cola.CaJwt.csproj", "{17D8C164-03CE-41FC-8BAF-421E23824532}"
EndProject
Global
	GlobalSection(SolutionConfigurationPlatforms) = preSolution
		Debug|Any CPU = Debug|Any CPU
		Release|Any CPU = Release|Any CPU
	EndGlobalSection
	GlobalSection(ProjectConfigurationPlatforms) = postSolution
		{C5C024DE-474C-44F8-AB0B-700621FF0561}.Debug|Any CPU.ActiveCfg = Debug|Any CPU
		{C5C024DE-474C-44F8-AB0B-700621FF0561}.Debug|Any CPU.Build.0 = Debug|Any CPU
		{C5C024DE-474C-44F8-AB0B-700621FF0561}.Release|Any CPU.ActiveCfg = Release|Any CPU
		{C5C024DE-474C-44F8-AB0B-700621FF0561}.Release|Any CPU.Build.0 = Release|Any CPU
		{502AC1E2-3159-42D4-9DF8-C43B508ED417}.Debug|Any CPU.ActiveCfg = Debug|Any CPU
		{502AC1E2-3159-42D4-9DF8-C43B508ED417}.Debug|Any CPU.Build.0 = Debug|Any CPU
		{502AC1E2-3159-42D4-9DF8-C43B508ED417}.Release|Any CPU.ActiveCfg = Release|Any CPU
		{502AC1E2-3159-42D4-9DF8-C43B508ED417}.Release|Any CPU.Build.0 = Release|Any CPU
		{448ECF08-9E4B-4FAF-863A-7E8C83657079}.Debug|Any CPU.ActiveCfg = Debug|Any CPU
		{448ECF08-9E4B-4FAF-863A-7E8C83657079}.Debug|Any CPU.Build.0 = Debug|Any CPU
		{448ECF08-9E4B-4FAF-863A-7E8C83657079}.Release|Any CPU.ActiveCfg = Release|Any CPU
		{448ECF08-9E4B-4FAF-863A-7E8C83657079}.Release|Any CPU.Build.0 = Release|Any CPU
		{A78C465B-3CAE-4CD1-9CAB-1CF26A617E9F}.Debug|Any CPU.ActiveCfg = Debug|Any CPU
		{A78C465B-3CAE-4CD1-9CAB-1CF26A617E9F}.Debug|Any CPU.Build.0 = Debug|Any CPU
		{A78C465B-3CAE-4CD1-9CAB-1CF26A617E9F}.Release|Any CPU.ActiveCfg = Release|Any CPU
		{A78C465B-3CAE-4CD1-9CAB-1CF26A617E9F}.Release|Any CPU.Build.0 = Release|Any CPU
		{72A754B5-5775-4498-B296-B142A8229BDF}.Debug|Any CPU.ActiveCfg = Debug|Any CPU
		{72A754B5-5775-4498-B296-B142A8229BDF}.Debug|Any CPU.Build.0 = Debug|Any CPU
		{72A754B5-5775-4498-B296-B142A8229BDF}.Release|Any CPU.ActiveCfg = Release|Any CPU
		{72A754B5-5775-4498-B296-B142A8229BDF}.Release|Any CPU.Build.0 = Release|Any CPU
		{2B8ACCBC-AA7C-432E-AF63-3C43A685E20C}.Debug|Any CPU.ActiveCfg = Debug|Any CPU
		{2B8ACCBC-AA7C-432E-AF63-3C43A685E20C}.Debug|Any CPU.Build.0 = Debug|Any CPU
		{2B8ACCBC-AA7C-432E-AF63-3C43A685E20C}.Release|Any CPU.ActiveCfg = Release|Any CPU
		{2B8ACCBC-AA7C-432E-AF63-3C43A685E20C}.Release|Any CPU.Build.0 = Release|Any CPU
		{8E078EC9-76A1-4EAA-8715-49C75AF8B4AC}.Debug|Any CPU.ActiveCfg = Debug|Any CPU
		{8E078EC9-76A1-4EAA-8715-49C75AF8B4AC}.Debug|Any CPU.Build.0 = Debug|Any CPU
		{8E078EC9-76A1-4EAA-8715-49C75AF8B4AC}.Release|Any CPU.ActiveCfg = Release|Any CPU
		{8E078EC9-76A1-4EAA-8715-49C75AF8B4AC}.Release|Any CPU.Build.0 = Release|Any CPU
		{0B3A2BD4-588A-46C2-ACB8-8E4BE8C70A5F}.Debug|Any CPU.ActiveCfg = Debug|Any CPU
		{0B3A2BD4-588A-46C2-ACB8-8E4BE8C70A5F}.Debug|Any CPU.Build.0 = Debug|Any CPU
		{0B3A2BD4-588A-46C2-ACB8-8E4BE8C70A5F}.Release|Any CPU.ActiveCfg = Release|Any CPU
		{0B3A2BD4-588A-46C2-ACB8-8E4BE8C70A5F}.Release|Any CPU.Build.0 = Release|Any CPU
		{31D7E30B-861D-4B6D-B81C-8DF26F07B7FB}.Debug|Any CPU.ActiveCfg = Debug|Any CPU
		{31D7E30B-861D-4B6D-B81C-8DF26F07B7FB}.Debug|Any CPU.Build.0 = Debug|Any CPU
		{31D7E30B-861D-4B6D-B81C-8DF26F07B7FB}.Release|Any CPU.ActiveCfg = Release|Any CPU
		{31D7E30B-861D-4B6D-B81C-8DF26F07B7FB}.Release|Any CPU.Build.0 = Release|Any CPU
		{F8197F4F-22A2-4C12-AF0E-4FDAA5FBB1C4}.Debug|Any CPU.ActiveCfg = Debug|Any CPU
		{F8197F4F-22A2-4C12-AF0E-4FDAA5FBB1C4}.Debug|Any CPU.Build.0 = Debug|Any CPU
		{F8197F4F-22A2-4C12-AF0E-4FDAA5FBB1C4}.Release|Any CPU.ActiveCfg = Release|Any CPU
		{F8197F4F-22A2-4C12-AF0E-4FDAA5FBB1C4}.Release|Any CPU.Build.0 = Release|Any CPU
		{68F08407-6688-4BCD-AE2D-3BADBB2D6EA3}.Debug|Any CPU.ActiveCfg = Debug|Any CPU
		{68F08407-6688-4BCD-AE2D-3BADBB2D6EA3}.Debug|Any CPU.Build.0 = Debug|Any CPU
		{68F08407-6688-4BCD-AE2D-3BADBB2D6EA3}.Release|Any CPU.ActiveCfg = Release|Any CPU
		{68F08407-6688-4BCD-AE2D-3BADBB2D6EA3}.Release|Any CPU.Build.0 = Release|Any CPU
		{841F4DBC-19CD-47D3-B84D-18E705FCC30A}.Debug|Any CPU.ActiveCfg = Debug|Any CPU
		{841F4DBC-19CD-47D3-B84D-18E705FCC30A}.Debug|Any CPU.Build.0 = Debug|Any CPU
		{841F4DBC-19CD-47D3-B84D-18E705FCC30A}.Release|Any CPU.ActiveCfg = Release|Any CPU
		{841F4DBC-19CD-47D3-B84D-18E705FCC30A}.Release|Any CPU.Build.0 = Release|Any CPU
		{DFE36CBF-CA45-4DD8-86D6-D743EB6F27D1}.Debug|Any CPU.ActiveCfg = Debug|Any CPU
		{DFE36CBF-CA45-4DD8-86D6-D743EB6F27D1}.Debug|Any CPU.Build.0 = Debug|Any CPU
		{DFE36CBF-CA45-4DD8-86D6-D743EB6F27D1}.Release|Any CPU.ActiveCfg = Release|Any CPU
		{DFE36CBF-CA45-4DD8-86D6-D743EB6F27D1}.Release|Any CPU.Build.0 = Release|Any CPU
		{17D8C164-03CE-41FC-8BAF-421E23824532}.Debug|Any CPU.ActiveCfg = Debug|Any CPU
		{17D8C164-03CE-41FC-8BAF-421E23824532}.Debug|Any CPU.Build.0 = Debug|Any CPU
		{17D8C164-03CE-41FC-8BAF-421E23824532}.Release|Any CPU.ActiveCfg = Release|Any CPU
		{17D8C164-03CE-41FC-8BAF-421E23824532}.Release|Any CPU.Build.0 = Release|Any CPU
	EndGlobalSection
	GlobalSection(SolutionProperties) = preSolution
		HideSolutionNode = FALSE
	EndGlobalSection
	GlobalSection(NestedProjects) = preSolution
		{C5C024DE-474C-44F8-AB0B-700621FF0561} = {48FEA14C-BDC3-435E-884C-B85340D2271A}
		{502AC1E2-3159-42D4-9DF8-C43B508ED417} = {FD07448C-42DD-4CD8-AB67-989AAC72ABBB}
		{448ECF08-9E4B-4FAF-863A-7E8C83657079} = {48FEA14C-BDC3-435E-884C-B85340D2271A}
		{A78C465B-3CAE-4CD1-9CAB-1CF26A617E9F} = {FD07448C-42DD-4CD8-AB67-989AAC72ABBB}
		{72A754B5-5775-4498-B296-B142A8229BDF} = {92689131-FA4B-4E7A-A63E-FA736F37DFA6}
		{2B8ACCBC-AA7C-432E-AF63-3C43A685E20C} = {48FEA14C-BDC3-435E-884C-B85340D2271A}
		{8E078EC9-76A1-4EAA-8715-49C75AF8B4AC} = {48FEA14C-BDC3-435E-884C-B85340D2271A}
		{0B3A2BD4-588A-46C2-ACB8-8E4BE8C70A5F} = {48FEA14C-BDC3-435E-884C-B85340D2271A}
		{31D7E30B-861D-4B6D-B81C-8DF26F07B7FB} = {48FEA14C-BDC3-435E-884C-B85340D2271A}
		{F8197F4F-22A2-4C12-AF0E-4FDAA5FBB1C4} = {48FEA14C-BDC3-435E-884C-B85340D2271A}
		{68F08407-6688-4BCD-AE2D-3BADBB2D6EA3} = {48FEA14C-BDC3-435E-884C-B85340D2271A}
		{841F4DBC-19CD-47D3-B84D-18E705FCC30A} = {48FEA14C-BDC3-435E-884C-B85340D2271A}
		{DFE36CBF-CA45-4DD8-86D6-D743EB6F27D1} = {48FEA14C-BDC3-435E-884C-B85340D2271A}
		{17D8C164-03CE-41FC-8BAF-421E23824532} = {48FEA14C-BDC3-435E-884C-B85340D2271A}
	EndGlobalSection
	GlobalSection(ExtensibilityGlobals) = postSolution
		SolutionGuid = {C3752318-B912-486F-A427-9354A0CF4370}
	EndGlobalSection
EndGlobal
